
Microsoft Visual Studio Solution File, Format Version 12.00
# Visual Studio Version 17
VisualStudioVersion = 17.2.32630.192
MinimumVisualStudioVersion = 10.0.40219.1
Project("{FAE04EC0-301F-11D3-BF4B-00C04F79EFBC}") = "CovariantAndContravariant", "CovariantAndContravariant\CovariantAndContravariant.csproj", "{ECA40173-7559-46CA-853B-9D0763E7B864}"
EndProject
Global
	GlobalSection(SolutionConfigurationPlatforms) = preSolution
		Debug|Any CPU = Debug|Any CPU
		Release|Any CPU = Release|Any CPU
	EndGlobalSection
	GlobalSection(ProjectConfigurationPlatforms) = postSolution
		{ECA40173-7559-46CA-853B-9D0763E7B864}.Debug|Any CPU.ActiveCfg = Debug|Any CPU
		{ECA40173-7559-46CA-853B-9D0763E7B864}.Debug|Any CPU.Build.0 = Debug|Any CPU
		{ECA40173-7559-46CA-853B-9D0763E7B864}.Release|Any CPU.ActiveCfg = Release|Any CPU
		{ECA40173-7559-46CA-853B-9D0763E7B864}.Release|Any CPU.Build.0 = Release|Any CPU
	EndGlobalSection
	GlobalSection(SolutionProperties) = preSolution
		HideSolutionNode = FALSE
	EndGlobalSection
	GlobalSection(ExtensibilityGlobals) = postSolution
		SolutionGuid = {20527797-433E-40F6-8D9E-6D61D33BB267}
	EndGlobalSection
EndGlobal
