
Microsoft Visual Studio Solution File, Format Version 12.00
# Visual Studio Version 17
VisualStudioVersion = 17.2.32630.192
MinimumVisualStudioVersion = 10.0.40219.1
Project("{FAE04EC0-301F-11D3-BF4B-00C04F79EFBC}") = "Arrays", "Arrays\Arrays.csproj", "{A21A1CF0-9461-4B3B-BD05-4382610944FA}"
EndProject
Global
	GlobalSection(SolutionConfigurationPlatforms) = preSolution
		Debug|Any CPU = Debug|Any CPU
		Release|Any CPU = Release|Any CPU
	EndGlobalSection
	GlobalSection(ProjectConfigurationPlatforms) = postSolution
		{A21A1CF0-9461-4B3B-BD05-4382610944FA}.Debug|Any CPU.ActiveCfg = Debug|Any CPU
		{A21A1CF0-9461-4B3B-BD05-4382610944FA}.Debug|Any CPU.Build.0 = Debug|Any CPU
		{A21A1CF0-9461-4B3B-BD05-4382610944FA}.Release|Any CPU.ActiveCfg = Release|Any CPU
		{A21A1CF0-9461-4B3B-BD05-4382610944FA}.Release|Any CPU.Build.0 = Release|Any CPU
	EndGlobalSection
	GlobalSection(SolutionProperties) = preSolution
		HideSolutionNode = FALSE
	EndGlobalSection
	GlobalSection(ExtensibilityGlobals) = postSolution
		SolutionGuid = {7F1AFC64-E8E9-4425-9EC9-D171394D4765}
	EndGlobalSection
EndGlobal
