
Microsoft Visual Studio Solution File, Format Version 12.00
# Visual Studio Version 17
VisualStudioVersion = 17.2.32630.192
MinimumVisualStudioVersion = 10.0.40219.1
Project("{FAE04EC0-301F-11D3-BF4B-00C04F79EFBC}") = "CreatingFunctions", "CreatingFunctions\CreatingFunctions.csproj", "{05A3F90C-1F22-4EF9-A714-B1E6C5D38277}"
EndProject
Global
	GlobalSection(SolutionConfigurationPlatforms) = preSolution
		Debug|Any CPU = Debug|Any CPU
		Release|Any CPU = Release|Any CPU
	EndGlobalSection
	GlobalSection(ProjectConfigurationPlatforms) = postSolution
		{05A3F90C-1F22-4EF9-A714-B1E6C5D38277}.Debug|Any CPU.ActiveCfg = Debug|Any CPU
		{05A3F90C-1F22-4EF9-A714-B1E6C5D38277}.Debug|Any CPU.Build.0 = Debug|Any CPU
		{05A3F90C-1F22-4EF9-A714-B1E6C5D38277}.Release|Any CPU.ActiveCfg = Release|Any CPU
		{05A3F90C-1F22-4EF9-A714-B1E6C5D38277}.Release|Any CPU.Build.0 = Release|Any CPU
	EndGlobalSection
	GlobalSection(SolutionProperties) = preSolution
		HideSolutionNode = FALSE
	EndGlobalSection
	GlobalSection(ExtensibilityGlobals) = postSolution
		SolutionGuid = {461BE823-5148-42CA-A1F7-F526D56814A6}
	EndGlobalSection
EndGlobal
