
Microsoft Visual Studio Solution File, Format Version 12.00
# Visual Studio Version 17
VisualStudioVersion = 17.2.32630.192
MinimumVisualStudioVersion = 10.0.40219.1
Project("{9A19103F-16F7-4668-BE54-9A1E7A4F7556}") = "SingleResponsibility", "SingleResponsibility\SingleResponsibility.csproj", "{F5CFD29A-E3C7-4C3D-A124-17031E0DFA39}"
EndProject
Project("{9A19103F-16F7-4668-BE54-9A1E7A4F7556}") = "OpenClosed", "OpenClosed\OpenClosed.csproj", "{9A04E41B-F018-426C-B7A6-2B7A11D8197E}"
EndProject
Project("{FAE04EC0-301F-11D3-BF4B-00C04F79EFBC}") = "LiskovSubstution", "LiskovSubstution\LiskovSubstution.csproj", "{72BBBC22-D8BA-4D8F-9B87-100600B3CF45}"
EndProject
Project("{FAE04EC0-301F-11D3-BF4B-00C04F79EFBC}") = "InterfaceSegregation", "InterfaceSegregation\InterfaceSegregation.csproj", "{D42857AC-F492-42CD-B105-7AB5B317DD0F}"
EndProject
Project("{FAE04EC0-301F-11D3-BF4B-00C04F79EFBC}") = "DependencyInversion", "DependencyInversion\DependencyInversion.csproj", "{A5586D3D-6446-4E76-A34C-D1851AA50AA6}"
EndProject
Global
	GlobalSection(SolutionConfigurationPlatforms) = preSolution
		Debug|Any CPU = Debug|Any CPU
		Release|Any CPU = Release|Any CPU
	EndGlobalSection
	GlobalSection(ProjectConfigurationPlatforms) = postSolution
		{F5CFD29A-E3C7-4C3D-A124-17031E0DFA39}.Debug|Any CPU.ActiveCfg = Debug|Any CPU
		{F5CFD29A-E3C7-4C3D-A124-17031E0DFA39}.Debug|Any CPU.Build.0 = Debug|Any CPU
		{F5CFD29A-E3C7-4C3D-A124-17031E0DFA39}.Release|Any CPU.ActiveCfg = Release|Any CPU
		{F5CFD29A-E3C7-4C3D-A124-17031E0DFA39}.Release|Any CPU.Build.0 = Release|Any CPU
		{9A04E41B-F018-426C-B7A6-2B7A11D8197E}.Debug|Any CPU.ActiveCfg = Debug|Any CPU
		{9A04E41B-F018-426C-B7A6-2B7A11D8197E}.Debug|Any CPU.Build.0 = Debug|Any CPU
		{9A04E41B-F018-426C-B7A6-2B7A11D8197E}.Release|Any CPU.ActiveCfg = Release|Any CPU
		{9A04E41B-F018-426C-B7A6-2B7A11D8197E}.Release|Any CPU.Build.0 = Release|Any CPU
		{72BBBC22-D8BA-4D8F-9B87-100600B3CF45}.Debug|Any CPU.ActiveCfg = Debug|Any CPU
		{72BBBC22-D8BA-4D8F-9B87-100600B3CF45}.Debug|Any CPU.Build.0 = Debug|Any CPU
		{72BBBC22-D8BA-4D8F-9B87-100600B3CF45}.Release|Any CPU.ActiveCfg = Release|Any CPU
		{72BBBC22-D8BA-4D8F-9B87-100600B3CF45}.Release|Any CPU.Build.0 = Release|Any CPU
		{D42857AC-F492-42CD-B105-7AB5B317DD0F}.Debug|Any CPU.ActiveCfg = Debug|Any CPU
		{D42857AC-F492-42CD-B105-7AB5B317DD0F}.Debug|Any CPU.Build.0 = Debug|Any CPU
		{D42857AC-F492-42CD-B105-7AB5B317DD0F}.Release|Any CPU.ActiveCfg = Release|Any CPU
		{D42857AC-F492-42CD-B105-7AB5B317DD0F}.Release|Any CPU.Build.0 = Release|Any CPU
		{A5586D3D-6446-4E76-A34C-D1851AA50AA6}.Debug|Any CPU.ActiveCfg = Debug|Any CPU
		{A5586D3D-6446-4E76-A34C-D1851AA50AA6}.Debug|Any CPU.Build.0 = Debug|Any CPU
		{A5586D3D-6446-4E76-A34C-D1851AA50AA6}.Release|Any CPU.ActiveCfg = Release|Any CPU
		{A5586D3D-6446-4E76-A34C-D1851AA50AA6}.Release|Any CPU.Build.0 = Release|Any CPU
	EndGlobalSection
	GlobalSection(SolutionProperties) = preSolution
		HideSolutionNode = FALSE
	EndGlobalSection
	GlobalSection(ExtensibilityGlobals) = postSolution
		SolutionGuid = {4AAAA43C-0651-41ED-9450-7CAAF9C255C8}
	EndGlobalSection
EndGlobal
