
Microsoft Visual Studio Solution File, Format Version 12.00
# Visual Studio Version 17
VisualStudioVersion = 17.5.33516.290
MinimumVisualStudioVersion = 10.0.40219.1
Project("{FAE04EC0-301F-11D3-BF4B-00C04F79EFBC}") = "Hangfire.API", "Hangfire.API\Hangfire.API.csproj", "{33D0F7D9-6A37-4DEF-B269-9A71B24D5116}"
EndProject
Global
	GlobalSection(SolutionConfigurationPlatforms) = preSolution
		Debug|Any CPU = Debug|Any CPU
		Release|Any CPU = Release|Any CPU
	EndGlobalSection
	GlobalSection(ProjectConfigurationPlatforms) = postSolution
		{33D0F7D9-6A37-4DEF-B269-9A71B24D5116}.Debug|Any CPU.ActiveCfg = Debug|Any CPU
		{33D0F7D9-6A37-4DEF-B269-9A71B24D5116}.Debug|Any CPU.Build.0 = Debug|Any CPU
		{33D0F7D9-6A37-4DEF-B269-9A71B24D5116}.Release|Any CPU.ActiveCfg = Release|Any CPU
		{33D0F7D9-6A37-4DEF-B269-9A71B24D5116}.Release|Any CPU.Build.0 = Release|Any CPU
	EndGlobalSection
	GlobalSection(SolutionProperties) = preSolution
		HideSolutionNode = FALSE
	EndGlobalSection
	GlobalSection(ExtensibilityGlobals) = postSolution
		SolutionGuid = {3CCF392F-CE24-4227-B3E9-2151B8A3B828}
	EndGlobalSection
EndGlobal
