
Microsoft Visual Studio Solution File, Format Version 12.00
# Visual Studio Version 17
VisualStudioVersion = 17.2.32630.192
MinimumVisualStudioVersion = 10.0.40219.1
Project("{FAE04EC0-301F-11D3-BF4B-00C04F79EFBC}") = "PasswordChecker", "PasswordChecker\PasswordChecker.csproj", "{414A1798-2330-47EB-9C7C-9522AE1515B3}"
EndProject
Global
	GlobalSection(SolutionConfigurationPlatforms) = preSolution
		Debug|Any CPU = Debug|Any CPU
		Release|Any CPU = Release|Any CPU
	EndGlobalSection
	GlobalSection(ProjectConfigurationPlatforms) = postSolution
		{414A1798-2330-47EB-9C7C-9522AE1515B3}.Debug|Any CPU.ActiveCfg = Debug|Any CPU
		{414A1798-2330-47EB-9C7C-9522AE1515B3}.Debug|Any CPU.Build.0 = Debug|Any CPU
		{414A1798-2330-47EB-9C7C-9522AE1515B3}.Release|Any CPU.ActiveCfg = Release|Any CPU
		{414A1798-2330-47EB-9C7C-9522AE1515B3}.Release|Any CPU.Build.0 = Release|Any CPU
	EndGlobalSection
	GlobalSection(SolutionProperties) = preSolution
		HideSolutionNode = FALSE
	EndGlobalSection
	GlobalSection(ExtensibilityGlobals) = postSolution
		SolutionGuid = {A18D6210-A77D-40C9-9D89-5E6C1D783D52}
	EndGlobalSection
EndGlobal
