
Microsoft Visual Studio Solution File, Format Version 12.00
# Visual Studio Version 17
VisualStudioVersion = 17.2.32630.192
MinimumVisualStudioVersion = 10.0.40219.1
Project("{9A19103F-16F7-4668-BE54-9A1E7A4F7556}") = "ClassVSObject", "ClassVSObject\ClassVSObject.csproj", "{D43EF9F3-2A38-4EE3-8588-77EDA2B8D817}"
EndProject
Project("{9A19103F-16F7-4668-BE54-9A1E7A4F7556}") = "Encapsulation", "Encapsulation\Encapsulation.csproj", "{D3520FF9-846D-4200-BF9F-1B097E7C8394}"
EndProject
Project("{9A19103F-16F7-4668-BE54-9A1E7A4F7556}") = "Constructors", "Constructors\Constructors.csproj", "{4EA00EFB-77EC-4F16-8151-E1EC09679220}"
EndProject
Project("{FAE04EC0-301F-11D3-BF4B-00C04F79EFBC}") = "CounterStrike", "CounterStrike\CounterStrike.csproj", "{B13E97A3-8FF0-4387-9C2D-ACDCC9CE9262}"
EndProject
Project("{FAE04EC0-301F-11D3-BF4B-00C04F79EFBC}") = "Polymorphism", "Polymorphism\Polymorphism.csproj", "{443D83A6-DF34-4EC5-8017-5F326DD55E01}"
EndProject
Project("{FAE04EC0-301F-11D3-BF4B-00C04F79EFBC}") = "AbstractVSInterface", "AbstractVSInterface\AbstractVSInterface.csproj", "{95CA85C5-8A3A-428E-A788-3CF9A4429047}"
EndProject
Global
	GlobalSection(SolutionConfigurationPlatforms) = preSolution
		Debug|Any CPU = Debug|Any CPU
		Release|Any CPU = Release|Any CPU
	EndGlobalSection
	GlobalSection(ProjectConfigurationPlatforms) = postSolution
		{D43EF9F3-2A38-4EE3-8588-77EDA2B8D817}.Debug|Any CPU.ActiveCfg = Debug|Any CPU
		{D43EF9F3-2A38-4EE3-8588-77EDA2B8D817}.Debug|Any CPU.Build.0 = Debug|Any CPU
		{D43EF9F3-2A38-4EE3-8588-77EDA2B8D817}.Release|Any CPU.ActiveCfg = Release|Any CPU
		{D43EF9F3-2A38-4EE3-8588-77EDA2B8D817}.Release|Any CPU.Build.0 = Release|Any CPU
		{D3520FF9-846D-4200-BF9F-1B097E7C8394}.Debug|Any CPU.ActiveCfg = Debug|Any CPU
		{D3520FF9-846D-4200-BF9F-1B097E7C8394}.Debug|Any CPU.Build.0 = Debug|Any CPU
		{D3520FF9-846D-4200-BF9F-1B097E7C8394}.Release|Any CPU.ActiveCfg = Release|Any CPU
		{D3520FF9-846D-4200-BF9F-1B097E7C8394}.Release|Any CPU.Build.0 = Release|Any CPU
		{4EA00EFB-77EC-4F16-8151-E1EC09679220}.Debug|Any CPU.ActiveCfg = Debug|Any CPU
		{4EA00EFB-77EC-4F16-8151-E1EC09679220}.Debug|Any CPU.Build.0 = Debug|Any CPU
		{4EA00EFB-77EC-4F16-8151-E1EC09679220}.Release|Any CPU.ActiveCfg = Release|Any CPU
		{4EA00EFB-77EC-4F16-8151-E1EC09679220}.Release|Any CPU.Build.0 = Release|Any CPU
		{B13E97A3-8FF0-4387-9C2D-ACDCC9CE9262}.Debug|Any CPU.ActiveCfg = Debug|Any CPU
		{B13E97A3-8FF0-4387-9C2D-ACDCC9CE9262}.Debug|Any CPU.Build.0 = Debug|Any CPU
		{B13E97A3-8FF0-4387-9C2D-ACDCC9CE9262}.Release|Any CPU.ActiveCfg = Release|Any CPU
		{B13E97A3-8FF0-4387-9C2D-ACDCC9CE9262}.Release|Any CPU.Build.0 = Release|Any CPU
		{443D83A6-DF34-4EC5-8017-5F326DD55E01}.Debug|Any CPU.ActiveCfg = Debug|Any CPU
		{443D83A6-DF34-4EC5-8017-5F326DD55E01}.Debug|Any CPU.Build.0 = Debug|Any CPU
		{443D83A6-DF34-4EC5-8017-5F326DD55E01}.Release|Any CPU.ActiveCfg = Release|Any CPU
		{443D83A6-DF34-4EC5-8017-5F326DD55E01}.Release|Any CPU.Build.0 = Release|Any CPU
		{95CA85C5-8A3A-428E-A788-3CF9A4429047}.Debug|Any CPU.ActiveCfg = Debug|Any CPU
		{95CA85C5-8A3A-428E-A788-3CF9A4429047}.Debug|Any CPU.Build.0 = Debug|Any CPU
		{95CA85C5-8A3A-428E-A788-3CF9A4429047}.Release|Any CPU.ActiveCfg = Release|Any CPU
		{95CA85C5-8A3A-428E-A788-3CF9A4429047}.Release|Any CPU.Build.0 = Release|Any CPU
	EndGlobalSection
	GlobalSection(SolutionProperties) = preSolution
		HideSolutionNode = FALSE
	EndGlobalSection
	GlobalSection(ExtensibilityGlobals) = postSolution
		SolutionGuid = {E34CE44F-87CF-4607-B0A4-B2E72E4D99E4}
	EndGlobalSection
EndGlobal
