
Microsoft Visual Studio Solution File, Format Version 12.00
# Visual Studio Version 17
VisualStudioVersion = 17.2.32630.192
MinimumVisualStudioVersion = 10.0.40219.1
Project("{FAE04EC0-301F-11D3-BF4B-00C04F79EFBC}") = "MethodOverloading", "MethodOverloading\MethodOverloading.csproj", "{5030E3F6-D469-430D-91B3-3BCF3C099E0D}"
EndProject
Global
	GlobalSection(SolutionConfigurationPlatforms) = preSolution
		Debug|Any CPU = Debug|Any CPU
		Release|Any CPU = Release|Any CPU
	EndGlobalSection
	GlobalSection(ProjectConfigurationPlatforms) = postSolution
		{5030E3F6-D469-430D-91B3-3BCF3C099E0D}.Debug|Any CPU.ActiveCfg = Debug|Any CPU
		{5030E3F6-D469-430D-91B3-3BCF3C099E0D}.Debug|Any CPU.Build.0 = Debug|Any CPU
		{5030E3F6-D469-430D-91B3-3BCF3C099E0D}.Release|Any CPU.ActiveCfg = Release|Any CPU
		{5030E3F6-D469-430D-91B3-3BCF3C099E0D}.Release|Any CPU.Build.0 = Release|Any CPU
	EndGlobalSection
	GlobalSection(SolutionProperties) = preSolution
		HideSolutionNode = FALSE
	EndGlobalSection
	GlobalSection(ExtensibilityGlobals) = postSolution
		SolutionGuid = {D80BC2C2-8C27-4317-9AFE-758013E860F2}
	EndGlobalSection
EndGlobal
