
Microsoft Visual Studio Solution File, Format Version 12.00
# Visual Studio Version 17
VisualStudioVersion = 17.2.32630.192
MinimumVisualStudioVersion = 10.0.40219.1
Project("{FAE04EC0-301F-11D3-BF4B-00C04F79EFBC}") = "SwitchCase", "SwitchCase\SwitchCase.csproj", "{A92E8306-7ED8-4250-B28E-6E791BC06813}"
EndProject
Global
	GlobalSection(SolutionConfigurationPlatforms) = preSolution
		Debug|Any CPU = Debug|Any CPU
		Release|Any CPU = Release|Any CPU
	EndGlobalSection
	GlobalSection(ProjectConfigurationPlatforms) = postSolution
		{A92E8306-7ED8-4250-B28E-6E791BC06813}.Debug|Any CPU.ActiveCfg = Debug|Any CPU
		{A92E8306-7ED8-4250-B28E-6E791BC06813}.Debug|Any CPU.Build.0 = Debug|Any CPU
		{A92E8306-7ED8-4250-B28E-6E791BC06813}.Release|Any CPU.ActiveCfg = Release|Any CPU
		{A92E8306-7ED8-4250-B28E-6E791BC06813}.Release|Any CPU.Build.0 = Release|Any CPU
	EndGlobalSection
	GlobalSection(SolutionProperties) = preSolution
		HideSolutionNode = FALSE
	EndGlobalSection
	GlobalSection(ExtensibilityGlobals) = postSolution
		SolutionGuid = {12C087A6-2540-4530-965E-8F8F594CCCD7}
	EndGlobalSection
EndGlobal
