
Microsoft Visual Studio Solution File, Format Version 12.00
# Visual Studio Version 17
VisualStudioVersion = 17.2.32630.192
MinimumVisualStudioVersion = 10.0.40219.1
Project("{FAE04EC0-301F-11D3-BF4B-00C04F79EFBC}") = "LinqIntro", "LinqIntro\LinqIntro.csproj", "{2A70DB7B-15D0-4DA5-8B8B-D39F6533180D}"
EndProject
Project("{FAE04EC0-301F-11D3-BF4B-00C04F79EFBC}") = "ExtensionMethods", "ExtensionMethods\ExtensionMethods.csproj", "{D2E41692-6DAC-4D03-91FD-AA22DB50A674}"
EndProject
Global
	GlobalSection(SolutionConfigurationPlatforms) = preSolution
		Debug|Any CPU = Debug|Any CPU
		Release|Any CPU = Release|Any CPU
	EndGlobalSection
	GlobalSection(ProjectConfigurationPlatforms) = postSolution
		{2A70DB7B-15D0-4DA5-8B8B-D39F6533180D}.Debug|Any CPU.ActiveCfg = Debug|Any CPU
		{2A70DB7B-15D0-4DA5-8B8B-D39F6533180D}.Debug|Any CPU.Build.0 = Debug|Any CPU
		{2A70DB7B-15D0-4DA5-8B8B-D39F6533180D}.Release|Any CPU.ActiveCfg = Release|Any CPU
		{2A70DB7B-15D0-4DA5-8B8B-D39F6533180D}.Release|Any CPU.Build.0 = Release|Any CPU
		{D2E41692-6DAC-4D03-91FD-AA22DB50A674}.Debug|Any CPU.ActiveCfg = Debug|Any CPU
		{D2E41692-6DAC-4D03-91FD-AA22DB50A674}.Debug|Any CPU.Build.0 = Debug|Any CPU
		{D2E41692-6DAC-4D03-91FD-AA22DB50A674}.Release|Any CPU.ActiveCfg = Release|Any CPU
		{D2E41692-6DAC-4D03-91FD-AA22DB50A674}.Release|Any CPU.Build.0 = Release|Any CPU
	EndGlobalSection
	GlobalSection(SolutionProperties) = preSolution
		HideSolutionNode = FALSE
	EndGlobalSection
	GlobalSection(ExtensibilityGlobals) = postSolution
		SolutionGuid = {37F4A694-7445-4BA3-8ED7-0A338A59AF58}
	EndGlobalSection
EndGlobal
